// !$*UTF8*$!
{
	archiveVersion = 1;
	classes = {
	};
	objectVersion = 46;
	objects = {

/* Begin PBXBuildFile section */
		01922CCA1F3CBDBB00775642 /* AppDelegate.swift in Sources */ = {isa = PBXBuildFile; fileRef = 01922CC91F3CBDBB00775642 /* AppDelegate.swift */; };
		01922CCF1F3CBDBB00775642 /* Main.storyboard in Resources */ = {isa = PBXBuildFile; fileRef = 01922CCD1F3CBDBB00775642 /* Main.storyboard */; };
		01922CD11F3CBDBB00775642 /* Assets.xcassets in Resources */ = {isa = PBXBuildFile; fileRef = 01922CD01F3CBDBB00775642 /* Assets.xcassets */; };
		01922CD41F3CBDBB00775642 /* LaunchScreen.storyboard in Resources */ = {isa = PBXBuildFile; fileRef = 01922CD21F3CBDBB00775642 /* LaunchScreen.storyboard */; };
		01922CE21F3CC13000775642 /* Survey.swift in Sources */ = {isa = PBXBuildFile; fileRef = 01922CE11F3CC13000775642 /* Survey.swift */; };
		01922CE41F3CC94300775642 /* SureveyController.swift in Sources */ = {isa = PBXBuildFile; fileRef = 01922CE31F3CC94300775642 /* SureveyController.swift */; };
		01922CE61F3CDA8A00775642 /* SuveyViewController.swift in Sources */ = {isa = PBXBuildFile; fileRef = 01922CE51F3CDA8A00775642 /* SuveyViewController.swift */; };
		01922CE81F3CDAA300775642 /* SurveyListTableViewController.swift in Sources */ = {isa = PBXBuildFile; fileRef = 01922CE71F3CDAA300775642 /* SurveyListTableViewController.swift */; };
/* End PBXBuildFile section */

/* Begin PBXFileReference section */
		01922CC61F3CBDBB00775642 /* BestProgrammingLanguanges.app */ = {isa = PBXFileReference; explicitFileType = wrapper.application; includeInIndex = 0; path = BestProgrammingLanguanges.app; sourceTree = BUILT_PRODUCTS_DIR; };
		01922CC91F3CBDBB00775642 /* AppDelegate.swift */ = {isa = PBXFileReference; lastKnownFileType = sourcecode.swift; path = AppDelegate.swift; sourceTree = "<group>"; };
		01922CCE1F3CBDBB00775642 /* Base */ = {isa = PBXFileReference; lastKnownFileType = file.storyboard; name = Base; path = Base.lproj/Main.storyboard; sourceTree = "<group>"; };
		01922CD01F3CBDBB00775642 /* Assets.xcassets */ = {isa = PBXFileReference; lastKnownFileType = folder.assetcatalog; path = Assets.xcassets; sourceTree = "<group>"; };
		01922CD31F3CBDBB00775642 /* Base */ = {isa = PBXFileReference; lastKnownFileType = file.storyboard; name = Base; path = Base.lproj/LaunchScreen.storyboard; sourceTree = "<group>"; };
		01922CD51F3CBDBB00775642 /* Info.plist */ = {isa = PBXFileReference; lastKnownFileType = text.plist.xml; path = Info.plist; sourceTree = "<group>"; };
		01922CE11F3CC13000775642 /* Survey.swift */ = {isa = PBXFileReference; fileEncoding = 4; lastKnownFileType = sourcecode.swift; path = Survey.swift; sourceTree = "<group>"; };
		01922CE31F3CC94300775642 /* SureveyController.swift */ = {isa = PBXFileReference; fileEncoding = 4; lastKnownFileType = sourcecode.swift; path = SureveyController.swift; sourceTree = "<group>"; };
		01922CE51F3CDA8A00775642 /* SuveyViewController.swift */ = {isa = PBXFileReference; fileEncoding = 4; lastKnownFileType = sourcecode.swift; path = SuveyViewController.swift; sourceTree = "<group>"; };
		01922CE71F3CDAA300775642 /* SurveyListTableViewController.swift */ = {isa = PBXFileReference; fileEncoding = 4; lastKnownFileType = sourcecode.swift; path = SurveyListTableViewController.swift; sourceTree = "<group>"; };
/* End PBXFileReference section */

/* Begin PBXFrameworksBuildPhase section */
		01922CC31F3CBDBB00775642 /* Frameworks */ = {
			isa = PBXFrameworksBuildPhase;
			buildActionMask = 2147483647;
			files = (
			);
			runOnlyForDeploymentPostprocessing = 0;
		};
/* End PBXFrameworksBuildPhase section */

/* Begin PBXGroup section */
		01922CBD1F3CBDBB00775642 = {
			isa = PBXGroup;
			children = (
				01922CC71F3CBDBB00775642 /* Products */,
				01922CDD1F3CBDD000775642 /* Proect */,
			);
			sourceTree = "<group>";
		};
		01922CC71F3CBDBB00775642 /* Products */ = {
			isa = PBXGroup;
			children = (
				01922CC61F3CBDBB00775642 /* BestProgrammingLanguanges.app */,
			);
			name = Products;
			sourceTree = "<group>";
		};
		01922CC81F3CBDBB00775642 /* BestProgrammingLanguanges */ = {
			isa = PBXGroup;
			children = (
				01922CDF1F3CBDF900775642 /* UI */,
				01922CDE1F3CBDEB00775642 /* View Controller */,
				01922CE01F3CBE4C00775642 /* Model Controller */,
				01922CDC1F3CBDCC00775642 /* Model */,
				01922CDB1F3CBDC600775642 /* Resources */,
				01922CC91F3CBDBB00775642 /* AppDelegate.swift */,
				01922CD01F3CBDBB00775642 /* Assets.xcassets */,
				01922CD21F3CBDBB00775642 /* LaunchScreen.storyboard */,
				01922CD51F3CBDBB00775642 /* Info.plist */,
			);
			path = BestProgrammingLanguanges;
			sourceTree = "<group>";
		};
		01922CDB1F3CBDC600775642 /* Resources */ = {
			isa = PBXGroup;
			children = (
			);
			name = Resources;
			sourceTree = "<group>";
		};
		01922CDC1F3CBDCC00775642 /* Model */ = {
			isa = PBXGroup;
			children = (
				01922CE11F3CC13000775642 /* Survey.swift */,
			);
			name = Model;
			sourceTree = "<group>";
		};
		01922CDD1F3CBDD000775642 /* Proect */ = {
			isa = PBXGroup;
			children = (
				01922CC81F3CBDBB00775642 /* BestProgrammingLanguanges */,
			);
			name = Proect;
			sourceTree = "<group>";
		};
		01922CDE1F3CBDEB00775642 /* View Controller */ = {
			isa = PBXGroup;
			children = (
				01922CE51F3CDA8A00775642 /* SuveyViewController.swift */,
				01922CE71F3CDAA300775642 /* SurveyListTableViewController.swift */,
			);
			name = "View Controller";
			path = ..;
			sourceTree = "<group>";
		};
		01922CDF1F3CBDF900775642 /* UI */ = {
			isa = PBXGroup;
			children = (
				01922CCD1F3CBDBB00775642 /* Main.storyboard */,
			);
			name = UI;
			path = ..;
			sourceTree = "<group>";
		};
		01922CE01F3CBE4C00775642 /* Model Controller */ = {
			isa = PBXGroup;
			children = (
				01922CE31F3CC94300775642 /* SureveyController.swift */,
			);
			name = "Model Controller";
			path = ..;
			sourceTree = "<group>";
		};
/* End PBXGroup section */

/* Begin PBXNativeTarget section */
		01922CC51F3CBDBB00775642 /* BestProgrammingLanguanges */ = {
			isa = PBXNativeTarget;
			buildConfigurationList = 01922CD81F3CBDBB00775642 /* Build configuration list for PBXNativeTarget "BestProgrammingLanguanges" */;
			buildPhases = (
				01922CC21F3CBDBB00775642 /* Sources */,
				01922CC31F3CBDBB00775642 /* Frameworks */,
				01922CC41F3CBDBB00775642 /* Resources */,
			);
			buildRules = (
			);
			dependencies = (
			);
			name = BestProgrammingLanguanges;
			productName = BestProgrammingLanguanges;
			productReference = 01922CC61F3CBDBB00775642 /* BestProgrammingLanguanges.app */;
			productType = "com.apple.product-type.application";
		};
/* End PBXNativeTarget section */

/* Begin PBXProject section */
		01922CBE1F3CBDBB00775642 /* Project object */ = {
			isa = PBXProject;
			attributes = {
				LastSwiftUpdateCheck = 0830;
				LastUpgradeCheck = 0830;
				ORGANIZATIONNAME = "Nick Reichard";
				TargetAttributes = {
					01922CC51F3CBDBB00775642 = {
						CreatedOnToolsVersion = 8.3.3;
						ProvisioningStyle = Automatic;
					};
				};
			};
			buildConfigurationList = 01922CC11F3CBDBB00775642 /* Build configuration list for PBXProject "BestProgrammingLanguanges" */;
			compatibilityVersion = "Xcode 3.2";
			developmentRegion = English;
			hasScannedForEncodings = 0;
			knownRegions = (
				en,
				Base,
			);
			mainGroup = 01922CBD1F3CBDBB00775642;
			productRefGroup = 01922CC71F3CBDBB00775642 /* Products */;
			projectDirPath = "";
			projectRoot = "";
			targets = (
				01922CC51F3CBDBB00775642 /* BestProgrammingLanguanges */,
			);
		};
/* End PBXProject section */

/* Begin PBXResourcesBuildPhase section */
		01922CC41F3CBDBB00775642 /* Resources */ = {
			isa = PBXResourcesBuildPhase;
			buildActionMask = 2147483647;
			files = (
				01922CD41F3CBDBB00775642 /* LaunchScreen.storyboard in Resources */,
				01922CD11F3CBDBB00775642 /* Assets.xcassets in Resources */,
				01922CCF1F3CBDBB00775642 /* Main.storyboard in Resources */,
			);
			runOnlyForDeploymentPostprocessing = 0;
		};
/* End PBXResourcesBuildPhase section */

/* Begin PBXSourcesBuildPhase section */
		01922CC21F3CBDBB00775642 /* Sources */ = {
			isa = PBXSourcesBuildPhase;
			buildActionMask = 2147483647;
			files = (
				01922CE41F3CC94300775642 /* SureveyController.swift in Sources */,
				01922CCA1F3CBDBB00775642 /* AppDelegate.swift in Sources */,
				01922CE21F3CC13000775642 /* Survey.swift in Sources */,
				01922CE61F3CDA8A00775642 /* SuveyViewController.swift in Sources */,
				01922CE81F3CDAA300775642 /* SurveyListTableViewController.swift in Sources */,
			);
			runOnlyForDeploymentPostprocessing = 0;
		};
/* End PBXSourcesBuildPhase section */

/* Begin PBXVariantGroup section */
		01922CCD1F3CBDBB00775642 /* Main.storyboard */ = {
			isa = PBXVariantGroup;
			children = (
				01922CCE1F3CBDBB00775642 /* Base */,
			);
			name = Main.storyboard;
			path = BestProgrammingLanguanges;
			sourceTree = "<group>";
		};
		01922CD21F3CBDBB00775642 /* LaunchScreen.storyboard */ = {
			isa = PBXVariantGroup;
			children = (
				01922CD31F3CBDBB00775642 /* Base */,
			);
			name = LaunchScreen.storyboard;
			sourceTree = "<group>";
		};
/* End PBXVariantGroup section */

/* Begin XCBuildConfiguration section */
		01922CD61F3CBDBB00775642 /* Debug */ = {
			isa = XCBuildConfiguration;
			buildSettings = {
				ALWAYS_SEARCH_USER_PATHS = NO;
				CLANG_ANALYZER_NONNULL = YES;
				CLANG_ANALYZER_NUMBER_OBJECT_CONVERSION = YES_AGGRESSIVE;
				CLANG_CXX_LANGUAGE_STANDARD = "gnu++0x";
				CLANG_CXX_LIBRARY = "libc++";
				CLANG_ENABLE_MODULES = YES;
				CLANG_ENABLE_OBJC_ARC = YES;
				CLANG_WARN_BOOL_CONVERSION = YES;
				CLANG_WARN_CONSTANT_CONVERSION = YES;
				CLANG_WARN_DIRECT_OBJC_ISA_USAGE = YES_ERROR;
				CLANG_WARN_DOCUMENTATION_COMMENTS = YES;
				CLANG_WARN_EMPTY_BODY = YES;
				CLANG_WARN_ENUM_CONVERSION = YES;
				CLANG_WARN_INFINITE_RECURSION = YES;
				CLANG_WARN_INT_CONVERSION = YES;
				CLANG_WARN_OBJC_ROOT_CLASS = YES_ERROR;
				CLANG_WARN_SUSPICIOUS_MOVE = YES;
				CLANG_WARN_UNREACHABLE_CODE = YES;
				CLANG_WARN__DUPLICATE_METHOD_MATCH = YES;
				"CODE_SIGN_IDENTITY[sdk=iphoneos*]" = "iPhone Developer";
				COPY_PHASE_STRIP = NO;
				DEBUG_INFORMATION_FORMAT = dwarf;
				ENABLE_STRICT_OBJC_MSGSEND = YES;
				ENABLE_TESTABILITY = YES;
				GCC_C_LANGUAGE_STANDARD = gnu99;
				GCC_DYNAMIC_NO_PIC = NO;
				GCC_NO_COMMON_BLOCKS = YES;
				GCC_OPTIMIZATION_LEVEL = 0;
				GCC_PREPROCESSOR_DEFINITIONS = (
					"DEBUG=1",
					"$(inherited)",
				);
				GCC_WARN_64_TO_32_BIT_CONVERSION = YES;
				GCC_WARN_ABOUT_RETURN_TYPE = YES_ERROR;
				GCC_WARN_UNDECLARED_SELECTOR = YES;
				GCC_WARN_UNINITIALIZED_AUTOS = YES_AGGRESSIVE;
				GCC_WARN_UNUSED_FUNCTION = YES;
				GCC_WARN_UNUSED_VARIABLE = YES;
				IPHONEOS_DEPLOYMENT_TARGET = 10.3;
				MTL_ENABLE_DEBUG_INFO = YES;
				ONLY_ACTIVE_ARCH = YES;
				SDKROOT = iphoneos;
				SWIFT_ACTIVE_COMPILATION_CONDITIONS = DEBUG;
				SWIFT_OPTIMIZATION_LEVEL = "-Onone";
				TARGETED_DEVICE_FAMILY = "1,2";
			};
			name = Debug;
		};
		01922CD71F3CBDBB00775642 /* Release */ = {
			isa = XCBuildConfiguration;
			buildSettings = {
				ALWAYS_SEARCH_USER_PATHS = NO;
				CLANG_ANALYZER_NONNULL = YES;
				CLANG_ANALYZER_NUMBER_OBJECT_CONVERSION = YES_AGGRESSIVE;
				CLANG_CXX_LANGUAGE_STANDARD = "gnu++0x";
				CLANG_CXX_LIBRARY = "libc++";
				CLANG_ENABLE_MODULES = YES;
				CLANG_ENABLE_OBJC_ARC = YES;
				CLANG_WARN_BOOL_CONVERSION = YES;
				CLANG_WARN_CONSTANT_CONVERSION = YES;
				CLANG_WARN_DIRECT_OBJC_ISA_USAGE = YES_ERROR;
				CLANG_WARN_DOCUMENTATION_COMMENTS = YES;
				CLANG_WARN_EMPTY_BODY = YES;
				CLANG_WARN_ENUM_CONVERSION = YES;
				CLANG_WARN_INFINITE_RECURSION = YES;
				CLANG_WARN_INT_CONVERSION = YES;
				CLANG_WARN_OBJC_ROOT_CLASS = YES_ERROR;
				CLANG_WARN_SUSPICIOUS_MOVE = YES;
				CLANG_WARN_UNREACHABLE_CODE = YES;
				CLANG_WARN__DUPLICATE_METHOD_MATCH = YES;
				"CODE_SIGN_IDENTITY[sdk=iphoneos*]" = "iPhone Developer";
				COPY_PHASE_STRIP = NO;
				DEBUG_INFORMATION_FORMAT = "dwarf-with-dsym";
				ENABLE_NS_ASSERTIONS = NO;
				ENABLE_STRICT_OBJC_MSGSEND = YES;
				GCC_C_LANGUAGE_STANDARD = gnu99;
				GCC_NO_COMMON_BLOCKS = YES;
				GCC_WARN_64_TO_32_BIT_CONVERSION = YES;
				GCC_WARN_ABOUT_RETURN_TYPE = YES_ERROR;
				GCC_WARN_UNDECLARED_SELECTOR = YES;
				GCC_WARN_UNINITIALIZED_AUTOS = YES_AGGRESSIVE;
				GCC_WARN_UNUSED_FUNCTION = YES;
				GCC_WARN_UNUSED_VARIABLE = YES;
				IPHONEOS_DEPLOYMENT_TARGET = 10.3;
				MTL_ENABLE_DEBUG_INFO = NO;
				SDKROOT = iphoneos;
				SWIFT_OPTIMIZATION_LEVEL = "-Owholemodule";
				TARGETED_DEVICE_FAMILY = "1,2";
				VALIDATE_PRODUCT = YES;
			};
			name = Release;
		};
		01922CD91F3CBDBB00775642 /* Debug */ = {
			isa = XCBuildConfiguration;
			buildSettings = {
				ASSETCATALOG_COMPILER_APPICON_NAME = AppIcon;
				INFOPLIST_FILE = BestProgrammingLanguanges/Info.plist;
				LD_RUNPATH_SEARCH_PATHS = "$(inherited) @executable_path/Frameworks";
				PRODUCT_BUNDLE_IDENTIFIER = com.wesstpeak.BestProgrammingLanguanges;
				PRODUCT_NAME = "$(TARGET_NAME)";
				SWIFT_VERSION = 3.0;
			};
			name = Debug;
		};
		01922CDA1F3CBDBB00775642 /* Release */ = {
			isa = XCBuildConfiguration;
			buildSettings = {
				ASSETCATALOG_COMPILER_APPICON_NAME = AppIcon;
				INFOPLIST_FILE = BestProgrammingLanguanges/Info.plist;
				LD_RUNPATH_SEARCH_PATHS = "$(inherited) @executable_path/Frameworks";
				PRODUCT_BUNDLE_IDENTIFIER = com.wesstpeak.BestProgrammingLanguanges;
				PRODUCT_NAME = "$(TARGET_NAME)";
				SWIFT_VERSION = 3.0;
			};
			name = Release;
		};
/* End XCBuildConfiguration section */

/* Begin XCConfigurationList section */
		01922CC11F3CBDBB00775642 /* Build configuration list for PBXProject "BestProgrammingLanguanges" */ = {
			isa = XCConfigurationList;
			buildConfigurations = (
				01922CD61F3CBDBB00775642 /* Debug */,
				01922CD71F3CBDBB00775642 /* Release */,
			);
			defaultConfigurationIsVisible = 0;
			defaultConfigurationName = Release;
		};
		01922CD81F3CBDBB00775642 /* Build configuration list for PBXNativeTarget "BestProgrammingLanguanges" */ = {
			isa = XCConfigurationList;
			buildConfigurations = (
				01922CD91F3CBDBB00775642 /* Debug */,
				01922CDA1F3CBDBB00775642 /* Release */,
			);
			defaultConfigurationIsVisible = 0;
		};
/* End XCConfigurationList section */
	};
	rootObject = 01922CBE1F3CBDBB00775642 /* Project object */;
}
